
Microsoft Visual Studio Solution File, Format Version 12.00
# Visual Studio Version 17
VisualStudioVersion = 17.4.33205.214
MinimumVisualStudioVersion = 10.0.40219.1
Project("{FAE04EC0-301F-11D3-BF4B-00C04F79EFBC}") = "Tree of segments", "Tree of segments.csproj", "{688E96A6-0611-44BB-8C3A-23489071D1A8}"
EndProject
Global
	GlobalSection(SolutionConfigurationPlatforms) = preSolution
		Debug|Any CPU = Debug|Any CPU
		Release|Any CPU = Release|Any CPU
	EndGlobalSection
	GlobalSection(ProjectConfigurationPlatforms) = postSolution
		{688E96A6-0611-44BB-8C3A-23489071D1A8}.Debug|Any CPU.ActiveCfg = Debug|Any CPU
		{688E96A6-0611-44BB-8C3A-23489071D1A8}.Debug|Any CPU.Build.0 = Debug|Any CPU
		{688E96A6-0611-44BB-8C3A-23489071D1A8}.Release|Any CPU.ActiveCfg = Release|Any CPU
		{688E96A6-0611-44BB-8C3A-23489071D1A8}.Release|Any CPU.Build.0 = Release|Any CPU
	EndGlobalSection
	GlobalSection(SolutionProperties) = preSolution
		HideSolutionNode = FALSE
	EndGlobalSection
	GlobalSection(ExtensibilityGlobals) = postSolution
		SolutionGuid = {1A776B7E-5A65-49D3-B3F7-BDAB9E2CAD8A}
	EndGlobalSection
EndGlobal
